// !$*UTF8*$!
{
	archiveVersion = 1;
	classes = {
	};
	objectVersion = 51;
	objects = {

/* Begin PBXBuildFile section */
		4DC00B6D26D84A20F4D9F4B9 /* Pods_V_SocialNetwork.framework in Frameworks */ = {isa = PBXBuildFile; fileRef = 3F0A4014A06347C616689ABF /* Pods_V_SocialNetwork.framework */; };
		8A113AE3255BF4E7000F5D1A /* CreateViewController.swift in Sources */ = {isa = PBXBuildFile; fileRef = 8A113AE2255BF4E7000F5D1A /* CreateViewController.swift */; };
		8AA77E00255AC9220093EEF1 /* ExternalAccessory.framework in Frameworks */ = {isa = PBXBuildFile; fileRef = 8AA77DFF255AC9220093EEF1 /* ExternalAccessory.framework */; };
		8AA77E2B255ADB2E0093EEF1 /* v-socialnetwork-firebase-adminsdk-wyqp0-b02f9e53c8.json in Resources */ = {isa = PBXBuildFile; fileRef = 8AA77E2A255ADB2E0093EEF1 /* v-socialnetwork-firebase-adminsdk-wyqp0-b02f9e53c8.json */; };
		8AB45BC2255AFCB000DFADB1 /* RegisterViewController.swift in Sources */ = {isa = PBXBuildFile; fileRef = 8AB45BC1255AFCB000DFADB1 /* RegisterViewController.swift */; };
		8AB45BC5255B0A6A00DFADB1 /* MainViewController.swift in Sources */ = {isa = PBXBuildFile; fileRef = 8AB45BC4255B0A6A00DFADB1 /* MainViewController.swift */; };
		8ABCD3502559BB02004F7945 /* AppDelegate.swift in Sources */ = {isa = PBXBuildFile; fileRef = 8ABCD34F2559BB02004F7945 /* AppDelegate.swift */; };
		8ABCD3522559BB02004F7945 /* SceneDelegate.swift in Sources */ = {isa = PBXBuildFile; fileRef = 8ABCD3512559BB02004F7945 /* SceneDelegate.swift */; };
		8ABCD3542559BB02004F7945 /* ViewController.swift in Sources */ = {isa = PBXBuildFile; fileRef = 8ABCD3532559BB02004F7945 /* ViewController.swift */; };
		8ABCD3572559BB02004F7945 /* Main.storyboard in Resources */ = {isa = PBXBuildFile; fileRef = 8ABCD3552559BB02004F7945 /* Main.storyboard */; };
		8ABCD3592559BB04004F7945 /* Assets.xcassets in Resources */ = {isa = PBXBuildFile; fileRef = 8ABCD3582559BB04004F7945 /* Assets.xcassets */; };
		8ABCD35C2559BB04004F7945 /* LaunchScreen.storyboard in Resources */ = {isa = PBXBuildFile; fileRef = 8ABCD35A2559BB04004F7945 /* LaunchScreen.storyboard */; };
		8ABCD3652559BB44004F7945 /* GoogleService-Info.plist in Resources */ = {isa = PBXBuildFile; fileRef = 8ABCD3642559BB44004F7945 /* GoogleService-Info.plist */; };
/* End PBXBuildFile section */

/* Begin PBXFileReference section */
		14D7F815AC5DF2078C0C2C45 /* Pods-V SocialNetwork.release.xcconfig */ = {isa = PBXFileReference; includeInIndex = 1; lastKnownFileType = text.xcconfig; name = "Pods-V SocialNetwork.release.xcconfig"; path = "Target Support Files/Pods-V SocialNetwork/Pods-V SocialNetwork.release.xcconfig"; sourceTree = "<group>"; };
		3F0A4014A06347C616689ABF /* Pods_V_SocialNetwork.framework */ = {isa = PBXFileReference; explicitFileType = wrapper.framework; includeInIndex = 0; path = Pods_V_SocialNetwork.framework; sourceTree = BUILT_PRODUCTS_DIR; };
		86A46B8FF83720997102B701 /* Pods-V SocialNetwork.debug.xcconfig */ = {isa = PBXFileReference; includeInIndex = 1; lastKnownFileType = text.xcconfig; name = "Pods-V SocialNetwork.debug.xcconfig"; path = "Target Support Files/Pods-V SocialNetwork/Pods-V SocialNetwork.debug.xcconfig"; sourceTree = "<group>"; };
		8A113AE2255BF4E7000F5D1A /* CreateViewController.swift */ = {isa = PBXFileReference; lastKnownFileType = sourcecode.swift; path = CreateViewController.swift; sourceTree = "<group>"; };
		8AA77DFE255AC9220093EEF1 /* V SocialNetwork.entitlements */ = {isa = PBXFileReference; lastKnownFileType = text.plist.entitlements; path = "V SocialNetwork.entitlements"; sourceTree = "<group>"; };
		8AA77DFF255AC9220093EEF1 /* ExternalAccessory.framework */ = {isa = PBXFileReference; lastKnownFileType = wrapper.framework; name = ExternalAccessory.framework; path = System/Library/Frameworks/ExternalAccessory.framework; sourceTree = SDKROOT; };
		8AA77E2A255ADB2E0093EEF1 /* v-socialnetwork-firebase-adminsdk-wyqp0-b02f9e53c8.json */ = {isa = PBXFileReference; fileEncoding = 4; lastKnownFileType = text.json; path = "v-socialnetwork-firebase-adminsdk-wyqp0-b02f9e53c8.json"; sourceTree = "<group>"; };
		8AB45BC1255AFCB000DFADB1 /* RegisterViewController.swift */ = {isa = PBXFileReference; lastKnownFileType = sourcecode.swift; path = RegisterViewController.swift; sourceTree = "<group>"; };
		8AB45BC4255B0A6A00DFADB1 /* MainViewController.swift */ = {isa = PBXFileReference; lastKnownFileType = sourcecode.swift; path = MainViewController.swift; sourceTree = "<group>"; };
		8ABCD34C2559BB02004F7945 /* V SocialNetwork.app */ = {isa = PBXFileReference; explicitFileType = wrapper.application; includeInIndex = 0; path = "V SocialNetwork.app"; sourceTree = BUILT_PRODUCTS_DIR; };
		8ABCD34F2559BB02004F7945 /* AppDelegate.swift */ = {isa = PBXFileReference; lastKnownFileType = sourcecode.swift; path = AppDelegate.swift; sourceTree = "<group>"; };
		8ABCD3512559BB02004F7945 /* SceneDelegate.swift */ = {isa = PBXFileReference; lastKnownFileType = sourcecode.swift; path = SceneDelegate.swift; sourceTree = "<group>"; };
		8ABCD3532559BB02004F7945 /* ViewController.swift */ = {isa = PBXFileReference; lastKnownFileType = sourcecode.swift; path = ViewController.swift; sourceTree = "<group>"; };
		8ABCD3562559BB02004F7945 /* Base */ = {isa = PBXFileReference; lastKnownFileType = file.storyboard; name = Base; path = Base.lproj/Main.storyboard; sourceTree = "<group>"; };
		8ABCD3582559BB04004F7945 /* Assets.xcassets */ = {isa = PBXFileReference; lastKnownFileType = folder.assetcatalog; path = Assets.xcassets; sourceTree = "<group>"; };
		8ABCD35B2559BB04004F7945 /* Base */ = {isa = PBXFileReference; lastKnownFileType = file.storyboard; name = Base; path = Base.lproj/LaunchScreen.storyboard; sourceTree = "<group>"; };
		8ABCD35D2559BB04004F7945 /* Info.plist */ = {isa = PBXFileReference; lastKnownFileType = text.plist.xml; path = Info.plist; sourceTree = "<group>"; };
		8ABCD3642559BB44004F7945 /* GoogleService-Info.plist */ = {isa = PBXFileReference; fileEncoding = 4; lastKnownFileType = text.plist.xml; path = "GoogleService-Info.plist"; sourceTree = "<group>"; };
/* End PBXFileReference section */

/* Begin PBXFrameworksBuildPhase section */
		8ABCD3492559BB02004F7945 /* Frameworks */ = {
			isa = PBXFrameworksBuildPhase;
			buildActionMask = 2147483647;
			files = (
				8AA77E00255AC9220093EEF1 /* ExternalAccessory.framework in Frameworks */,
				4DC00B6D26D84A20F4D9F4B9 /* Pods_V_SocialNetwork.framework in Frameworks */,
			);
			runOnlyForDeploymentPostprocessing = 0;
		};
/* End PBXFrameworksBuildPhase section */

/* Begin PBXGroup section */
		07120C2C9A94F8CE05788E8B /* Pods */ = {
			isa = PBXGroup;
			children = (
				86A46B8FF83720997102B701 /* Pods-V SocialNetwork.debug.xcconfig */,
				14D7F815AC5DF2078C0C2C45 /* Pods-V SocialNetwork.release.xcconfig */,
			);
			path = Pods;
			sourceTree = "<group>";
		};
		8ABCD3432559BB02004F7945 = {
			isa = PBXGroup;
			children = (
				8ABCD34E2559BB02004F7945 /* V SocialNetwork */,
				8ABCD34D2559BB02004F7945 /* Products */,
				07120C2C9A94F8CE05788E8B /* Pods */,
				BABA02FBCD1A5C280C989EA0 /* Frameworks */,
			);
			sourceTree = "<group>";
		};
		8ABCD34D2559BB02004F7945 /* Products */ = {
			isa = PBXGroup;
			children = (
				8ABCD34C2559BB02004F7945 /* V SocialNetwork.app */,
			);
			name = Products;
			sourceTree = "<group>";
		};
		8ABCD34E2559BB02004F7945 /* V SocialNetwork */ = {
			isa = PBXGroup;
			children = (
				8AA77DFE255AC9220093EEF1 /* V SocialNetwork.entitlements */,
				8ABCD34F2559BB02004F7945 /* AppDelegate.swift */,
				8ABCD3512559BB02004F7945 /* SceneDelegate.swift */,
				8ABCD3532559BB02004F7945 /* ViewController.swift */,
				8AB45BC1255AFCB000DFADB1 /* RegisterViewController.swift */,
				8AB45BC4255B0A6A00DFADB1 /* MainViewController.swift */,
				8A113AE2255BF4E7000F5D1A /* CreateViewController.swift */,
				8ABCD3552559BB02004F7945 /* Main.storyboard */,
				8ABCD3582559BB04004F7945 /* Assets.xcassets */,
				8ABCD35A2559BB04004F7945 /* LaunchScreen.storyboard */,
				8ABCD35D2559BB04004F7945 /* Info.plist */,
				8ABCD3642559BB44004F7945 /* GoogleService-Info.plist */,
				8AA77E2A255ADB2E0093EEF1 /* v-socialnetwork-firebase-adminsdk-wyqp0-b02f9e53c8.json */,
			);
			path = "V SocialNetwork";
			sourceTree = "<group>";
		};
		BABA02FBCD1A5C280C989EA0 /* Frameworks */ = {
			isa = PBXGroup;
			children = (
				8AA77DFF255AC9220093EEF1 /* ExternalAccessory.framework */,
				3F0A4014A06347C616689ABF /* Pods_V_SocialNetwork.framework */,
			);
			name = Frameworks;
			sourceTree = "<group>";
		};
/* End PBXGroup section */

/* Begin PBXNativeTarget section */
		8ABCD34B2559BB02004F7945 /* V SocialNetwork */ = {
			isa = PBXNativeTarget;
			buildConfigurationList = 8ABCD3602559BB04004F7945 /* Build configuration list for PBXNativeTarget "V SocialNetwork" */;
			buildPhases = (
				D94AA8C6F06A395A88354426 /* [CP] Check Pods Manifest.lock */,
				8ABCD3482559BB02004F7945 /* Sources */,
				8ABCD3492559BB02004F7945 /* Frameworks */,
				8ABCD34A2559BB02004F7945 /* Resources */,
				DE962DA04A10E65D0DB4F17A /* [CP] Embed Pods Frameworks */,
				428992FEE77EB4D71C2A79BD /* [CP] Copy Pods Resources */,
			);
			buildRules = (
			);
			dependencies = (
			);
			name = "V SocialNetwork";
			productName = "V SocialNetwork";
			productReference = 8ABCD34C2559BB02004F7945 /* V SocialNetwork.app */;
			productType = "com.apple.product-type.application";
		};
/* End PBXNativeTarget section */

/* Begin PBXProject section */
		8ABCD3442559BB02004F7945 /* Project object */ = {
			isa = PBXProject;
			attributes = {
				LastSwiftUpdateCheck = 1210;
				LastUpgradeCheck = 1210;
				TargetAttributes = {
					8ABCD34B2559BB02004F7945 = {
						CreatedOnToolsVersion = 12.1;
					};
				};
			};
			buildConfigurationList = 8ABCD3472559BB02004F7945 /* Build configuration list for PBXProject "V SocialNetwork" */;
			compatibilityVersion = "Xcode 9.3";
			developmentRegion = en;
			hasScannedForEncodings = 0;
			knownRegions = (
				en,
				Base,
			);
			mainGroup = 8ABCD3432559BB02004F7945;
			productRefGroup = 8ABCD34D2559BB02004F7945 /* Products */;
			projectDirPath = "";
			projectRoot = "";
			targets = (
				8ABCD34B2559BB02004F7945 /* V SocialNetwork */,
			);
		};
/* End PBXProject section */

/* Begin PBXResourcesBuildPhase section */
		8ABCD34A2559BB02004F7945 /* Resources */ = {
			isa = PBXResourcesBuildPhase;
			buildActionMask = 2147483647;
			files = (
				8ABCD35C2559BB04004F7945 /* LaunchScreen.storyboard in Resources */,
				8AA77E2B255ADB2E0093EEF1 /* v-socialnetwork-firebase-adminsdk-wyqp0-b02f9e53c8.json in Resources */,
				8ABCD3592559BB04004F7945 /* Assets.xcassets in Resources */,
				8ABCD3572559BB02004F7945 /* Main.storyboard in Resources */,
				8ABCD3652559BB44004F7945 /* GoogleService-Info.plist in Resources */,
			);
			runOnlyForDeploymentPostprocessing = 0;
		};
/* End PBXResourcesBuildPhase section */

/* Begin PBXShellScriptBuildPhase section */
		428992FEE77EB4D71C2A79BD /* [CP] Copy Pods Resources */ = {
			isa = PBXShellScriptBuildPhase;
			buildActionMask = 2147483647;
			files = (
			);
			inputFileListPaths = (
				"${PODS_ROOT}/Target Support Files/Pods-V SocialNetwork/Pods-V SocialNetwork-resources-${CONFIGURATION}-input-files.xcfilelist",
			);
			name = "[CP] Copy Pods Resources";
			outputFileListPaths = (
				"${PODS_ROOT}/Target Support Files/Pods-V SocialNetwork/Pods-V SocialNetwork-resources-${CONFIGURATION}-output-files.xcfilelist",
			);
			runOnlyForDeploymentPostprocessing = 0;
			shellPath = /bin/sh;
			shellScript = "\"${PODS_ROOT}/Target Support Files/Pods-V SocialNetwork/Pods-V SocialNetwork-resources.sh\"\n";
			showEnvVarsInLog = 0;
		};
		D94AA8C6F06A395A88354426 /* [CP] Check Pods Manifest.lock */ = {
			isa = PBXShellScriptBuildPhase;
			buildActionMask = 2147483647;
			files = (
			);
			inputFileListPaths = (
			);
			inputPaths = (
				"${PODS_PODFILE_DIR_PATH}/Podfile.lock",
				"${PODS_ROOT}/Manifest.lock",
			);
			name = "[CP] Check Pods Manifest.lock";
			outputFileListPaths = (
			);
			outputPaths = (
				"$(DERIVED_FILE_DIR)/Pods-V SocialNetwork-checkManifestLockResult.txt",
			);
			runOnlyForDeploymentPostprocessing = 0;
			shellPath = /bin/sh;
			shellScript = "diff \"${PODS_PODFILE_DIR_PATH}/Podfile.lock\" \"${PODS_ROOT}/Manifest.lock\" > /dev/null\nif [ $? != 0 ] ; then\n    # print error to STDERR\n    echo \"error: The sandbox is not in sync with the Podfile.lock. Run 'pod install' or update your CocoaPods installation.\" >&2\n    exit 1\nfi\n# This output is used by Xcode 'outputs' to avoid re-running this script phase.\necho \"SUCCESS\" > \"${SCRIPT_OUTPUT_FILE_0}\"\n";
			showEnvVarsInLog = 0;
		};
		DE962DA04A10E65D0DB4F17A /* [CP] Embed Pods Frameworks */ = {
			isa = PBXShellScriptBuildPhase;
			buildActionMask = 2147483647;
			files = (
			);
			inputFileListPaths = (
				"${PODS_ROOT}/Target Support Files/Pods-V SocialNetwork/Pods-V SocialNetwork-frameworks-${CONFIGURATION}-input-files.xcfilelist",
			);
			name = "[CP] Embed Pods Frameworks";
			outputFileListPaths = (
				"${PODS_ROOT}/Target Support Files/Pods-V SocialNetwork/Pods-V SocialNetwork-frameworks-${CONFIGURATION}-output-files.xcfilelist",
			);
			runOnlyForDeploymentPostprocessing = 0;
			shellPath = /bin/sh;
			shellScript = "\"${PODS_ROOT}/Target Support Files/Pods-V SocialNetwork/Pods-V SocialNetwork-frameworks.sh\"\n";
			showEnvVarsInLog = 0;
		};
/* End PBXShellScriptBuildPhase section */

/* Begin PBXSourcesBuildPhase section */
		8ABCD3482559BB02004F7945 /* Sources */ = {
			isa = PBXSourcesBuildPhase;
			buildActionMask = 2147483647;
			files = (
				8ABCD3542559BB02004F7945 /* ViewController.swift in Sources */,
				8ABCD3502559BB02004F7945 /* AppDelegate.swift in Sources */,
				8A113AE3255BF4E7000F5D1A /* CreateViewController.swift in Sources */,
				8ABCD3522559BB02004F7945 /* SceneDelegate.swift in Sources */,
				8AB45BC2255AFCB000DFADB1 /* RegisterViewController.swift in Sources */,
				8AB45BC5255B0A6A00DFADB1 /* MainViewController.swift in Sources */,
			);
			runOnlyForDeploymentPostprocessing = 0;
		};
/* End PBXSourcesBuildPhase section */

/* Begin PBXVariantGroup section */
		8ABCD3552559BB02004F7945 /* Main.storyboard */ = {
			isa = PBXVariantGroup;
			children = (
				8ABCD3562559BB02004F7945 /* Base */,
			);
			name = Main.storyboard;
			sourceTree = "<group>";
		};
		8ABCD35A2559BB04004F7945 /* LaunchScreen.storyboard */ = {
			isa = PBXVariantGroup;
			children = (
				8ABCD35B2559BB04004F7945 /* Base */,
			);
			name = LaunchScreen.storyboard;
			sourceTree = "<group>";
		};
/* End PBXVariantGroup section */

/* Begin XCBuildConfiguration section */
		8ABCD35E2559BB04004F7945 /* Debug */ = {
			isa = XCBuildConfiguration;
			buildSettings = {
				ALWAYS_SEARCH_USER_PATHS = NO;
				CLANG_ANALYZER_NONNULL = YES;
				CLANG_ANALYZER_NUMBER_OBJECT_CONVERSION = YES_AGGRESSIVE;
				CLANG_CXX_LANGUAGE_STANDARD = "gnu++14";
				CLANG_CXX_LIBRARY = "libc++";
				CLANG_ENABLE_MODULES = YES;
				CLANG_ENABLE_OBJC_ARC = YES;
				CLANG_ENABLE_OBJC_WEAK = YES;
				CLANG_WARN_BLOCK_CAPTURE_AUTORELEASING = YES;
				CLANG_WARN_BOOL_CONVERSION = YES;
				CLANG_WARN_COMMA = YES;
				CLANG_WARN_CONSTANT_CONVERSION = YES;
				CLANG_WARN_DEPRECATED_OBJC_IMPLEMENTATIONS = YES;
				CLANG_WARN_DIRECT_OBJC_ISA_USAGE = YES_ERROR;
				CLANG_WARN_DOCUMENTATION_COMMENTS = YES;
				CLANG_WARN_EMPTY_BODY = YES;
				CLANG_WARN_ENUM_CONVERSION = YES;
				CLANG_WARN_INFINITE_RECURSION = YES;
				CLANG_WARN_INT_CONVERSION = YES;
				CLANG_WARN_NON_LITERAL_NULL_CONVERSION = YES;
				CLANG_WARN_OBJC_IMPLICIT_RETAIN_SELF = YES;
				CLANG_WARN_OBJC_LITERAL_CONVERSION = YES;
				CLANG_WARN_OBJC_ROOT_CLASS = YES_ERROR;
				CLANG_WARN_QUOTED_INCLUDE_IN_FRAMEWORK_HEADER = YES;
				CLANG_WARN_RANGE_LOOP_ANALYSIS = YES;
				CLANG_WARN_STRICT_PROTOTYPES = YES;
				CLANG_WARN_SUSPICIOUS_MOVE = YES;
				CLANG_WARN_UNGUARDED_AVAILABILITY = YES_AGGRESSIVE;
				CLANG_WARN_UNREACHABLE_CODE = YES;
				CLANG_WARN__DUPLICATE_METHOD_MATCH = YES;
				COPY_PHASE_STRIP = NO;
				DEBUG_INFORMATION_FORMAT = dwarf;
				ENABLE_STRICT_OBJC_MSGSEND = YES;
				ENABLE_TESTABILITY = YES;
				GCC_C_LANGUAGE_STANDARD = gnu11;
				GCC_DYNAMIC_NO_PIC = NO;
				GCC_NO_COMMON_BLOCKS = YES;
				GCC_OPTIMIZATION_LEVEL = 0;
				GCC_PREPROCESSOR_DEFINITIONS = (
					"DEBUG=1",
					"$(inherited)",
				);
				GCC_WARN_64_TO_32_BIT_CONVERSION = YES;
				GCC_WARN_ABOUT_RETURN_TYPE = YES_ERROR;
				GCC_WARN_UNDECLARED_SELECTOR = YES;
				GCC_WARN_UNINITIALIZED_AUTOS = YES_AGGRESSIVE;
				GCC_WARN_UNUSED_FUNCTION = YES;
				GCC_WARN_UNUSED_VARIABLE = YES;
				IPHONEOS_DEPLOYMENT_TARGET = 14.1;
				MTL_ENABLE_DEBUG_INFO = INCLUDE_SOURCE;
				MTL_FAST_MATH = YES;
				ONLY_ACTIVE_ARCH = YES;
				SDKROOT = iphoneos;
				SWIFT_ACTIVE_COMPILATION_CONDITIONS = DEBUG;
				SWIFT_OPTIMIZATION_LEVEL = "-Onone";
			};
			name = Debug;
		};
		8ABCD35F2559BB04004F7945 /* Release */ = {
			isa = XCBuildConfiguration;
			buildSettings = {
				ALWAYS_SEARCH_USER_PATHS = NO;
				CLANG_ANALYZER_NONNULL = YES;
				CLANG_ANALYZER_NUMBER_OBJECT_CONVERSION = YES_AGGRESSIVE;
				CLANG_CXX_LANGUAGE_STANDARD = "gnu++14";
				CLANG_CXX_LIBRARY = "libc++";
				CLANG_ENABLE_MODULES = YES;
				CLANG_ENABLE_OBJC_ARC = YES;
				CLANG_ENABLE_OBJC_WEAK = YES;
				CLANG_WARN_BLOCK_CAPTURE_AUTORELEASING = YES;
				CLANG_WARN_BOOL_CONVERSION = YES;
				CLANG_WARN_COMMA = YES;
				CLANG_WARN_CONSTANT_CONVERSION = YES;
				CLANG_WARN_DEPRECATED_OBJC_IMPLEMENTATIONS = YES;
				CLANG_WARN_DIRECT_OBJC_ISA_USAGE = YES_ERROR;
				CLANG_WARN_DOCUMENTATION_COMMENTS = YES;
				CLANG_WARN_EMPTY_BODY = YES;
				CLANG_WARN_ENUM_CONVERSION = YES;
				CLANG_WARN_INFINITE_RECURSION = YES;
				CLANG_WARN_INT_CONVERSION = YES;
				CLANG_WARN_NON_LITERAL_NULL_CONVERSION = YES;
				CLANG_WARN_OBJC_IMPLICIT_RETAIN_SELF = YES;
				CLANG_WARN_OBJC_LITERAL_CONVERSION = YES;
				CLANG_WARN_OBJC_ROOT_CLASS = YES_ERROR;
				CLANG_WARN_QUOTED_INCLUDE_IN_FRAMEWORK_HEADER = YES;
				CLANG_WARN_RANGE_LOOP_ANALYSIS = YES;
				CLANG_WARN_STRICT_PROTOTYPES = YES;
				CLANG_WARN_SUSPICIOUS_MOVE = YES;
				CLANG_WARN_UNGUARDED_AVAILABILITY = YES_AGGRESSIVE;
				CLANG_WARN_UNREACHABLE_CODE = YES;
				CLANG_WARN__DUPLICATE_METHOD_MATCH = YES;
				COPY_PHASE_STRIP = NO;
				DEBUG_INFORMATION_FORMAT = "dwarf-with-dsym";
				ENABLE_NS_ASSERTIONS = NO;
				ENABLE_STRICT_OBJC_MSGSEND = YES;
				GCC_C_LANGUAGE_STANDARD = gnu11;
				GCC_NO_COMMON_BLOCKS = YES;
				GCC_WARN_64_TO_32_BIT_CONVERSION = YES;
				GCC_WARN_ABOUT_RETURN_TYPE = YES_ERROR;
				GCC_WARN_UNDECLARED_SELECTOR = YES;
				GCC_WARN_UNINITIALIZED_AUTOS = YES_AGGRESSIVE;
				GCC_WARN_UNUSED_FUNCTION = YES;
				GCC_WARN_UNUSED_VARIABLE = YES;
				IPHONEOS_DEPLOYMENT_TARGET = 14.1;
				MTL_ENABLE_DEBUG_INFO = NO;
				MTL_FAST_MATH = YES;
				SDKROOT = iphoneos;
				SWIFT_COMPILATION_MODE = wholemodule;
				SWIFT_OPTIMIZATION_LEVEL = "-O";
				VALIDATE_PRODUCT = YES;
			};
			name = Release;
		};
		8ABCD3612559BB04004F7945 /* Debug */ = {
			isa = XCBuildConfiguration;
			baseConfigurationReference = 86A46B8FF83720997102B701 /* Pods-V SocialNetwork.debug.xcconfig */;
			buildSettings = {
				ASSETCATALOG_COMPILER_APPICON_NAME = AppIcon;
				ASSETCATALOG_COMPILER_GLOBAL_ACCENT_COLOR_NAME = AccentColor;
				CODE_SIGN_ENTITLEMENTS = "V SocialNetwork/V SocialNetwork.entitlements";
				CODE_SIGN_STYLE = Automatic;
				DEVELOPMENT_TEAM = AD69727D4V;
				INFOPLIST_FILE = "V SocialNetwork/Info.plist";
				LD_RUNPATH_SEARCH_PATHS = (
					"$(inherited)",
					"@executable_path/Frameworks",
				);
				MARKETING_VERSION = 1.1;
				PRODUCT_BUNDLE_IDENTIFIER = "MG.V-SocialNetwork";
				PRODUCT_NAME = "$(TARGET_NAME)";
				SWIFT_VERSION = 5.0;
				TARGETED_DEVICE_FAMILY = "1,2";
			};
			name = Debug;
		};
		8ABCD3622559BB04004F7945 /* Release */ = {
			isa = XCBuildConfiguration;
			baseConfigurationReference = 14D7F815AC5DF2078C0C2C45 /* Pods-V SocialNetwork.release.xcconfig */;
			buildSettings = {
				ASSETCATALOG_COMPILER_APPICON_NAME = AppIcon;
				ASSETCATALOG_COMPILER_GLOBAL_ACCENT_COLOR_NAME = AccentColor;
				CODE_SIGN_ENTITLEMENTS = "V SocialNetwork/V SocialNetwork.entitlements";
				CODE_SIGN_STYLE = Automatic;
				DEVELOPMENT_TEAM = AD69727D4V;
				INFOPLIST_FILE = "V SocialNetwork/Info.plist";
				LD_RUNPATH_SEARCH_PATHS = (
					"$(inherited)",
					"@executable_path/Frameworks",
				);
				MARKETING_VERSION = 1.1;
				PRODUCT_BUNDLE_IDENTIFIER = "MG.V-SocialNetwork";
				PRODUCT_NAME = "$(TARGET_NAME)";
				SWIFT_VERSION = 5.0;
				TARGETED_DEVICE_FAMILY = "1,2";
			};
			name = Release;
		};
/* End XCBuildConfiguration section */

/* Begin XCConfigurationList section */
		8ABCD3472559BB02004F7945 /* Build configuration list for PBXProject "V SocialNetwork" */ = {
			isa = XCConfigurationList;
			buildConfigurations = (
				8ABCD35E2559BB04004F7945 /* Debug */,
				8ABCD35F2559BB04004F7945 /* Release */,
			);
			defaultConfigurationIsVisible = 0;
			defaultConfigurationName = Release;
		};
		8ABCD3602559BB04004F7945 /* Build configuration list for PBXNativeTarget "V SocialNetwork" */ = {
			isa = XCConfigurationList;
			buildConfigurations = (
				8ABCD3612559BB04004F7945 /* Debug */,
				8ABCD3622559BB04004F7945 /* Release */,
			);
			defaultConfigurationIsVisible = 0;
			defaultConfigurationName = Release;
		};
/* End XCConfigurationList section */
	};
	rootObject = 8ABCD3442559BB02004F7945 /* Project object */;
}
